
Microsoft Visual Studio Solution File, Format Version 12.00
# Visual Studio Version 16
VisualStudioVersion = 16.0.31624.102
MinimumVisualStudioVersion = 10.0.40219.1
Project("{8BC9CEB8-8B4A-11D0-8D11-00A0C91BC942}") = "22.thread_pool", "22.thread_pool.vcxproj", "{74CBF736-2016-4913-AEF4-AD0E2615E4AE}"
EndProject
Global
	GlobalSection(SolutionConfigurationPlatforms) = preSolution
		Debug|x64 = Debug|x64
		Debug|x86 = Debug|x86
		Release|x64 = Release|x64
		Release|x86 = Release|x86
	EndGlobalSection
	GlobalSection(ProjectConfigurationPlatforms) = postSolution
		{74CBF736-2016-4913-AEF4-AD0E2615E4AE}.Debug|x64.ActiveCfg = Debug|x64
		{74CBF736-2016-4913-AEF4-AD0E2615E4AE}.Debug|x64.Build.0 = Debug|x64
		{74CBF736-2016-4913-AEF4-AD0E2615E4AE}.Debug|x86.ActiveCfg = Debug|Win32
		{74CBF736-2016-4913-AEF4-AD0E2615E4AE}.Debug|x86.Build.0 = Debug|Win32
		{74CBF736-2016-4913-AEF4-AD0E2615E4AE}.Release|x64.ActiveCfg = Release|x64
		{74CBF736-2016-4913-AEF4-AD0E2615E4AE}.Release|x64.Build.0 = Release|x64
		{74CBF736-2016-4913-AEF4-AD0E2615E4AE}.Release|x86.ActiveCfg = Release|Win32
		{74CBF736-2016-4913-AEF4-AD0E2615E4AE}.Release|x86.Build.0 = Release|Win32
	EndGlobalSection
	GlobalSection(SolutionProperties) = preSolution
		HideSolutionNode = FALSE
	EndGlobalSection
	GlobalSection(ExtensibilityGlobals) = postSolution
		SolutionGuid = {286B7B8B-430C-47F2-BDBC-934218BFD0D6}
	EndGlobalSection
EndGlobal
