<?xml version="1.0" encoding="UTF-8" standalone="yes" ?>
<CodeBlocks_project_file>
	<FileVersion major="1" minor="6" />
	<Project>
		<Option title="cpp_stl" />
		<Option pch_mode="2" />
		<Option compiler="gcc" />
		<Build>
			<Target title="Debug">
				<Option output="bin/Debug/cpp_stl" prefix_auto="1" extension_auto="1" />
				<Option object_output="obj/Debug/" />
				<Option type="1" />
				<Option compiler="gcc" />
				<Compiler>
					<Add option="-g" />
				</Compiler>
			</Target>
			<Target title="Release">
				<Option output="bin/Release/cpp_stl" prefix_auto="1" extension_auto="1" />
				<Option object_output="obj/Release/" />
				<Option type="1" />
				<Option compiler="gcc" />
				<Compiler>
					<Add option="-O2" />
				</Compiler>
				<Linker>
					<Add option="-s" />
				</Linker>
			</Target>
		</Build>
		<Compiler>
			<Add option="-Wall" />
			<Add option="-fexceptions" />
		</Compiler>
		<Unit filename="main.cpp" />
		<Unit filename="mapDemo.cpp" />
		<Unit filename="mapDemo.h" />
		<Unit filename="prior_queueDemo.cpp" />
		<Unit filename="prior_queueDemo.h" />
		<Unit filename="queueDemo.cpp" />
		<Unit filename="queueDemo.h" />
		<Unit filename="setDemo.cpp" />
		<Unit filename="setDemo.h" />
		<Unit filename="stringDemo.cpp" />
		<Unit filename="stringDemo.h" />
		<Unit filename="vectorDemo.cpp" />
		<Unit filename="vectorDemo.h" />
		<Extensions>
			<code_completion />
			<envvars />
			<debugger />
		</Extensions>
	</Project>
</CodeBlocks_project_file>
